[[package]]
name = "appdirs"
version = "1.4.4"
description = "A small Python module for determining appropriate platform-specific dirs, e.g. a \"user data dir\"."
category = "dev"
optional = false
python-versions = "*"

[[package]]
name = "atomicwrites"
version = "1.4.0"
description = "Atomic file writes."
category = "dev"
optional = false
python-versions = ">=2.7, !=3.0.*, !=3.1.*, !=3.2.*, !=3.3.*"

[[package]]
name = "attrs"
version = "20.3.0"
description = "Classes Without Boilerplate"
category = "main"
optional = false
python-versions = ">=2.7, !=3.0.*, !=3.1.*, !=3.2.*, !=3.3.*"

[package.extras]
dev = ["coverage[toml] (>=5.0.2)", "hypothesis", "pympler", "pytest (>=4.3.0)", "six", "zope.interface", "furo", "sphinx", "pre-commit"]
docs = ["furo", "sphinx", "zope.interface"]
tests = ["coverage[toml] (>=5.0.2)", "hypothesis", "pympler", "pytest (>=4.3.0)", "six", "zope.interface"]
tests_no_zope = ["coverage[toml] (>=5.0.2)", "hypothesis", "pympler", "pytest (>=4.3.0)", "six"]

[[package]]
name = "black"
version = "19.3b0"
description = "The uncompromising code formatter."
category = "dev"
optional = false
python-versions = ">=3.6"

[package.dependencies]
appdirs = "*"
attrs = ">=18.1.0"
click = ">=6.5"
toml = ">=0.9.4"

[package.extras]
d = ["aiohttp (>=3.3.2)", "aiohttp-cors"]

[[package]]
name = "certifi"
version = "2020.12.5"
description = "Python package for providing Mozilla's CA Bundle."
category = "main"
optional = false
python-versions = "*"

[[package]]
name = "cffi"
version = "1.14.5"
description = "Foreign Function Interface for Python calling C code."
category = "main"
optional = false
python-versions = "*"

[package.dependencies]
pycparser = "*"

[[package]]
name = "chardet"
version = "4.0.0"
description = "Universal encoding detector for Python 2 and 3"
category = "main"
optional = false
python-versions = ">=2.7, !=3.0.*, !=3.1.*, !=3.2.*, !=3.3.*, !=3.4.*"

[[package]]
name = "click"
version = "7.1.2"
description = "Composable command line interface toolkit"
category = "dev"
optional = false
python-versions = ">=2.7, !=3.0.*, !=3.1.*, !=3.2.*, !=3.3.*, !=3.4.*"

[[package]]
name = "colorama"
version = "0.4.4"
description = "Cross-platform colored terminal text."
category = "main"
optional = false
python-versions = ">=2.7, !=3.0.*, !=3.1.*, !=3.2.*, !=3.3.*, !=3.4.*"

[[package]]
name = "coverage"
version = "5.4"
description = "Code coverage measurement for Python"
category = "dev"
optional = false
python-versions = ">=2.7, !=3.0.*, !=3.1.*, !=3.2.*, !=3.3.*, !=3.4.*, <4"

[package.extras]
toml = ["toml"]

[[package]]
name = "coverage-enable-subprocess"
version = "1.0"
description = "enable python coverage for subprocesses"
category = "dev"
optional = false
python-versions = "*"

[package.dependencies]
coverage = "*"

[[package]]
name = "cryptography"
version = "3.4.6"
description = "cryptography is a package which provides cryptographic recipes and primitives to Python developers."
category = "main"
optional = false
python-versions = ">=3.6"

[package.dependencies]
cffi = ">=1.12"

[package.extras]
docs = ["sphinx (>=1.6.5,!=1.8.0,!=3.1.0,!=3.1.1)", "sphinx-rtd-theme"]
docstest = ["doc8", "pyenchant (>=1.6.11)", "twine (>=1.12.0)", "sphinxcontrib-spelling (>=4.0.1)"]
pep8test = ["black", "flake8", "flake8-import-order", "pep8-naming"]
sdist = ["setuptools-rust (>=0.11.4)"]
ssh = ["bcrypt (>=3.1.5)"]
test = ["pytest (>=6.0)", "pytest-cov", "pytest-subtests", "pytest-xdist", "pretend", "iso8601", "pytz", "hypothesis (>=1.11.4,!=3.79.2)"]

[[package]]
name = "idna"
version = "2.10"
description = "Internationalized Domain Names in Applications (IDNA)"
category = "main"
optional = false
python-versions = ">=2.7, !=3.0.*, !=3.1.*, !=3.2.*, !=3.3.*"

[[package]]
name = "importlib-metadata"
version = "1.7.0"
description = "Read metadata from Python packages"
category = "main"
optional = false
python-versions = "!=3.0.*,!=3.1.*,!=3.2.*,!=3.3.*,!=3.4.*,>=2.7"

[package.dependencies]
zipp = ">=0.5"

[package.extras]
docs = ["sphinx", "rst.linker"]
testing = ["packaging", "pep517", "importlib-resources (>=1.3)"]

[[package]]
name = "jeepney"
version = "0.6.0"
description = "Low-level, pure Python DBus protocol wrapper."
category = "main"
optional = false
python-versions = ">=3.6"

[package.extras]
test = ["pytest", "pytest-trio", "pytest-asyncio", "testpath", "trio"]

[[package]]
name = "keyring"
version = "22.0.1"
description = "Store and access your passwords safely."
category = "main"
optional = false
python-versions = ">=3.6"

[package.dependencies]
importlib-metadata = {version = ">=1", markers = "python_version < \"3.8\""}
jeepney = {version = ">=0.4.2", markers = "sys_platform == \"linux\""}
pywin32-ctypes = {version = "<0.1.0 || >0.1.0,<0.1.1 || >0.1.1", markers = "sys_platform == \"win32\""}
SecretStorage = {version = ">=3.2", markers = "sys_platform == \"linux\""}

[package.extras]
docs = ["sphinx", "jaraco.packaging (>=8.2)", "rst.linker (>=1.9)"]
testing = ["pytest (>=3.5,!=3.7.3)", "pytest-checkdocs (>=1.2.3)", "pytest-flake8", "pytest-cov", "pytest-enabler", "pytest-black (>=0.3.7)", "pytest-mypy"]

[[package]]
name = "lxml"
version = "4.6.2"
description = "Powerful and Pythonic XML processing library combining libxml2/libxslt with the ElementTree API."
category = "main"
optional = false
python-versions = ">=2.7, !=3.0.*, !=3.1.*, !=3.2.*, !=3.3.*, != 3.4.*"

[package.extras]
cssselect = ["cssselect (>=0.7)"]
html5 = ["html5lib"]
htmlsoup = ["beautifulsoup4"]
source = ["Cython (>=0.29.7)"]

[[package]]
name = "more-itertools"
version = "8.7.0"
description = "More routines for operating on iterables, beyond itertools"
category = "dev"
optional = false
python-versions = ">=3.5"

[[package]]
name = "pluggy"
version = "0.13.1"
description = "plugin and hook calling mechanisms for python"
category = "dev"
optional = false
python-versions = ">=2.7, !=3.0.*, !=3.1.*, !=3.2.*, !=3.3.*"

[package.dependencies]
importlib-metadata = {version = ">=0.12", markers = "python_version < \"3.8\""}

[package.extras]
dev = ["pre-commit", "tox"]

[[package]]
name = "prompt-toolkit"
version = "3.0.3"
description = "Library for building powerful interactive command lines in Python"
category = "main"
optional = false
python-versions = ">=3.6"

[package.dependencies]
wcwidth = "*"

[[package]]
name = "py"
version = "1.10.0"
description = "library with cross-python path, ini-parsing, io, code, log facilities"
category = "dev"
optional = false
python-versions = ">=2.7, !=3.0.*, !=3.1.*, !=3.2.*, !=3.3.*"

[[package]]
name = "pycparser"
version = "2.20"
description = "C parser in Python"
category = "main"
optional = false
python-versions = ">=2.7, !=3.0.*, !=3.1.*, !=3.2.*, !=3.3.*"

[[package]]
name = "pyqt5"
version = "5.15.2"
description = "Python bindings for the Qt cross platform application toolkit"
category = "main"
optional = true
python-versions = ">=3.5"

[package.dependencies]
PyQt5-sip = ">=12.8,<13"

[[package]]
name = "pyqt5-sip"
version = "12.8.1"
description = "The sip module support for PyQt5"
category = "main"
optional = true
python-versions = ">=3.5"

[[package]]
name = "pyqtwebengine"
version = "5.15.2"
description = "Python bindings for the Qt WebEngine framework"
category = "main"
optional = true
python-versions = ">=3.5"

[package.dependencies]
PyQt5 = ">=5.15"
PyQt5-sip = ">=12.8,<13"

[[package]]
name = "pysocks"
version = "1.7.1"
description = "A Python SOCKS client module. See https://github.com/Anorov/PySocks for more information."
category = "main"
optional = false
python-versions = ">=2.7, !=3.0.*, !=3.1.*, !=3.2.*, !=3.3.*"

[[package]]
name = "pytest"
version = "3.10.1"
description = "pytest: simple powerful testing with Python"
category = "dev"
optional = false
python-versions = ">=2.7, !=3.0.*, !=3.1.*, !=3.2.*, !=3.3.*"

[package.dependencies]
atomicwrites = ">=1.0"
attrs = ">=17.4.0"
colorama = {version = "*", markers = "sys_platform == \"win32\""}
more-itertools = ">=4.0.0"
pluggy = ">=0.7"
py = ">=1.5.0"
six = ">=1.10.0"

[[package]]
name = "pytest-asyncio"
version = "0.10.0"
description = "Pytest support for asyncio."
category = "dev"
optional = false
python-versions = ">= 3.5"

[package.dependencies]
pytest = ">=3.0.6"

[package.extras]
testing = ["async-generator (>=1.3)", "coverage", "hypothesis (>=3.64)"]

[[package]]
name = "pytest-cov"
version = "2.9.0"
description = "Pytest plugin for measuring coverage."
category = "dev"
optional = false
python-versions = ">=2.7, !=3.0.*, !=3.1.*, !=3.2.*, !=3.3.*, !=3.4.*"

[package.dependencies]
coverage = ">=4.4"
pytest = ">=3.6"

[package.extras]
testing = ["fields", "hunter", "process-tests (==2.0.2)", "six", "pytest-xdist", "virtualenv"]

[[package]]
name = "pytest-httpserver"
version = "0.3.8"
description = "pytest-httpserver is a httpserver for pytest"
category = "dev"
optional = false
python-versions = ">=3.4"

[package.dependencies]
werkzeug = "*"

[package.extras]
dev = ["flake8", "wheel", "pytest", "pytest-cov", "coverage", "ipdb", "requests", "sphinx", "sphinx-rtd-theme", "reno", "autopep8"]
test = ["pytest", "pytest-cov", "coverage", "requests"]

[[package]]
name = "pywin32-ctypes"
version = "0.2.0"
description = ""
category = "main"
optional = false
python-versions = "*"

[[package]]
name = "pyxdg"
version = "0.26"
description = "PyXDG contains implementations of freedesktop.org standards in python."
category = "main"
optional = false
python-versions = "*"

[[package]]
name = "requests"
version = "2.25.1"
description = "Python HTTP for Humans."
category = "main"
optional = false
python-versions = ">=2.7, !=3.0.*, !=3.1.*, !=3.2.*, !=3.3.*, !=3.4.*"

[package.dependencies]
certifi = ">=2017.4.17"
chardet = ">=3.0.2,<5"
idna = ">=2.5,<3"
urllib3 = ">=1.21.1,<1.27"

[package.extras]
security = ["pyOpenSSL (>=0.14)", "cryptography (>=1.3.4)"]
socks = ["PySocks (>=1.5.6,!=1.5.7)", "win-inet-pton"]

[[package]]
name = "secretstorage"
version = "3.3.1"
description = "Python bindings to FreeDesktop.org Secret Service API"
category = "main"
optional = false
python-versions = ">=3.6"

[package.dependencies]
cryptography = ">=2.0"
jeepney = ">=0.6"

[[package]]
name = "setuptools-scm"
version = "3.5.0"
description = "the blessed package to manage your versions by scm tags"
category = "dev"
optional = false
python-versions = ">=2.7, !=3.0.*, !=3.1.*, !=3.2.*, !=3.3.*"

[package.dependencies]
toml = {version = "*", optional = true, markers = "extra == \"toml\""}

[package.extras]
toml = ["toml"]

[[package]]
name = "six"
version = "1.15.0"
description = "Python 2 and 3 compatibility utilities"
category = "dev"
optional = false
python-versions = ">=2.7, !=3.0.*, !=3.1.*, !=3.2.*"

[[package]]
name = "structlog"
version = "21.1.0"
description = "Structured Logging for Python"
category = "main"
optional = false
python-versions = ">=3.6"

[package.dependencies]
typing-extensions = {version = "*", markers = "python_version < \"3.8\""}

[package.extras]
dev = ["coverage", "freezegun (>=0.2.8)", "pretend", "pytest-asyncio", "pytest-randomly", "pytest (>=6.0)", "simplejson", "furo", "sphinx", "sphinx-toolbox", "twisted", "pre-commit"]
docs = ["furo", "sphinx", "sphinx-toolbox", "twisted"]
tests = ["coverage", "freezegun (>=0.2.8)", "pretend", "pytest-asyncio", "pytest-randomly", "pytest (>=6.0)", "simplejson"]

[[package]]
name = "toml"
version = "0.10.2"
description = "Python Library for Tom's Obvious, Minimal Language"
category = "main"
optional = false
python-versions = ">=2.6, !=3.0.*, !=3.1.*, !=3.2.*"

[[package]]
name = "typing-extensions"
version = "3.7.4.3"
description = "Backported and Experimental Type Hints for Python 3.5+"
category = "main"
optional = false
python-versions = "*"

[[package]]
name = "urllib3"
version = "1.26.3"
description = "HTTP library with thread-safe connection pooling, file post, and more."
category = "main"
optional = false
python-versions = ">=2.7, !=3.0.*, !=3.1.*, !=3.2.*, !=3.3.*, !=3.4.*, <4"

[package.extras]
brotli = ["brotlipy (>=0.6.0)"]
secure = ["pyOpenSSL (>=0.14)", "cryptography (>=1.3.4)", "idna (>=2.0.0)", "certifi", "ipaddress"]
socks = ["PySocks (>=1.5.6,!=1.5.7,<2.0)"]

[[package]]
name = "wcwidth"
version = "0.2.5"
description = "Measures the displayed width of unicode strings in a terminal"
category = "main"
optional = false
python-versions = "*"

[[package]]
name = "werkzeug"
version = "1.0.1"
description = "The comprehensive WSGI web application library."
category = "dev"
optional = false
python-versions = ">=2.7, !=3.0.*, !=3.1.*, !=3.2.*, !=3.3.*, !=3.4.*"

[package.extras]
dev = ["pytest", "pytest-timeout", "coverage", "tox", "sphinx", "pallets-sphinx-themes", "sphinx-issues"]
watchdog = ["watchdog"]

[[package]]
name = "zipp"
version = "3.4.0"
description = "Backport of pathlib-compatible object wrapper for zip files"
category = "main"
optional = false
python-versions = ">=3.6"

[package.extras]
docs = ["sphinx", "jaraco.packaging (>=3.2)", "rst.linker (>=1.9)"]
testing = ["pytest (>=3.5,!=3.7.3)", "pytest-checkdocs (>=1.2.3)", "pytest-flake8", "pytest-cov", "jaraco.test (>=3.2.0)", "jaraco.itertools", "func-timeout", "pytest-black (>=0.3.7)", "pytest-mypy"]

[extras]
full = ["PyQt5", "PyQtWebEngine"]

[metadata]
lock-version = "1.1"
python-versions = "^3.6"
content-hash = "32b44d370909225b80abc047f138e6f5043af12c635c83bc47466b0544447e1c"

[metadata.files]
appdirs = [
    {file = "appdirs-1.4.4-py2.py3-none-any.whl", hash = "sha256:a841dacd6b99318a741b166adb07e19ee71a274450e68237b4650ca1055ab128"},
    {file = "appdirs-1.4.4.tar.gz", hash = "sha256:7d5d0167b2b1ba821647616af46a749d1c653740dd0d2415100fe26e27afdf41"},
]
atomicwrites = [
    {file = "atomicwrites-1.4.0-py2.py3-none-any.whl", hash = "sha256:6d1784dea7c0c8d4a5172b6c620f40b6e4cbfdf96d783691f2e1302a7b88e197"},
    {file = "atomicwrites-1.4.0.tar.gz", hash = "sha256:ae70396ad1a434f9c7046fd2dd196fc04b12f9e91ffb859164193be8b6168a7a"},
]
attrs = [
    {file = "attrs-20.3.0-py2.py3-none-any.whl", hash = "sha256:31b2eced602aa8423c2aea9c76a724617ed67cf9513173fd3a4f03e3a929c7e6"},
    {file = "attrs-20.3.0.tar.gz", hash = "sha256:832aa3cde19744e49938b91fea06d69ecb9e649c93ba974535d08ad92164f700"},
]
black = [
    {file = "black-19.3b0-py36-none-any.whl", hash = "sha256:09a9dcb7c46ed496a9850b76e4e825d6049ecd38b611f1224857a79bd985a8cf"},
    {file = "black-19.3b0.tar.gz", hash = "sha256:68950ffd4d9169716bcb8719a56c07a2f4485354fec061cdd5910aa07369731c"},
]
certifi = [
    {file = "certifi-2020.12.5-py2.py3-none-any.whl", hash = "sha256:719a74fb9e33b9bd44cc7f3a8d94bc35e4049deebe19ba7d8e108280cfd59830"},
    {file = "certifi-2020.12.5.tar.gz", hash = "sha256:1a4995114262bffbc2413b159f2a1a480c969de6e6eb13ee966d470af86af59c"},
]
cffi = [
    {file = "cffi-1.14.5-cp27-cp27m-macosx_10_9_x86_64.whl", hash = "sha256:bb89f306e5da99f4d922728ddcd6f7fcebb3241fc40edebcb7284d7514741991"},
    {file = "cffi-1.14.5-cp27-cp27m-manylinux1_i686.whl", hash = "sha256:34eff4b97f3d982fb93e2831e6750127d1355a923ebaeeb565407b3d2f8d41a1"},
    {file = "cffi-1.14.5-cp27-cp27m-manylinux1_x86_64.whl", hash = "sha256:99cd03ae7988a93dd00bcd9d0b75e1f6c426063d6f03d2f90b89e29b25b82dfa"},
    {file = "cffi-1.14.5-cp27-cp27m-win32.whl", hash = "sha256:65fa59693c62cf06e45ddbb822165394a288edce9e276647f0046e1ec26920f3"},
    {file = "cffi-1.14.5-cp27-cp27m-win_amd64.whl", hash = "sha256:51182f8927c5af975fece87b1b369f722c570fe169f9880764b1ee3bca8347b5"},
    {file = "cffi-1.14.5-cp27-cp27mu-manylinux1_i686.whl", hash = "sha256:43e0b9d9e2c9e5d152946b9c5fe062c151614b262fda2e7b201204de0b99e482"},
    {file = "cffi-1.14.5-cp27-cp27mu-manylinux1_x86_64.whl", hash = "sha256:cbde590d4faaa07c72bf979734738f328d239913ba3e043b1e98fe9a39f8b2b6"},
    {file = "cffi-1.14.5-cp35-cp35m-macosx_10_9_x86_64.whl", hash = "sha256:5de7970188bb46b7bf9858eb6890aad302577a5f6f75091fd7cdd3ef13ef3045"},
    {file = "cffi-1.14.5-cp35-cp35m-manylinux1_i686.whl", hash = "sha256:a465da611f6fa124963b91bf432d960a555563efe4ed1cc403ba5077b15370aa"},
    {file = "cffi-1.14.5-cp35-cp35m-manylinux1_x86_64.whl", hash = "sha256:d42b11d692e11b6634f7613ad8df5d6d5f8875f5d48939520d351007b3c13406"},
    {file = "cffi-1.14.5-cp35-cp35m-win32.whl", hash = "sha256:72d8d3ef52c208ee1c7b2e341f7d71c6fd3157138abf1a95166e6165dd5d4369"},
    {file = "cffi-1.14.5-cp35-cp35m-win_amd64.whl", hash = "sha256:29314480e958fd8aab22e4a58b355b629c59bf5f2ac2492b61e3dc06d8c7a315"},
    {file = "cffi-1.14.5-cp36-cp36m-macosx_10_9_x86_64.whl", hash = "sha256:3d3dd4c9e559eb172ecf00a2a7517e97d1e96de2a5e610bd9b68cea3925b4892"},
    {file = "cffi-1.14.5-cp36-cp36m-manylinux1_i686.whl", hash = "sha256:48e1c69bbacfc3d932221851b39d49e81567a4d4aac3b21258d9c24578280058"},
    {file = "cffi-1.14.5-cp36-cp36m-manylinux1_x86_64.whl", hash = "sha256:69e395c24fc60aad6bb4fa7e583698ea6cc684648e1ffb7fe85e3c1ca131a7d5"},
    {file = "cffi-1.14.5-cp36-cp36m-manylinux2014_aarch64.whl", hash = "sha256:9e93e79c2551ff263400e1e4be085a1210e12073a31c2011dbbda14bda0c6132"},
    {file = "cffi-1.14.5-cp36-cp36m-win32.whl", hash = "sha256:58e3f59d583d413809d60779492342801d6e82fefb89c86a38e040c16883be53"},
    {file = "cffi-1.14.5-cp36-cp36m-win_amd64.whl", hash = "sha256:005a36f41773e148deac64b08f233873a4d0c18b053d37da83f6af4d9087b813"},
    {file = "cffi-1.14.5-cp37-cp37m-macosx_10_9_x86_64.whl", hash = "sha256:2894f2df484ff56d717bead0a5c2abb6b9d2bf26d6960c4604d5c48bbc30ee73"},
    {file = "cffi-1.14.5-cp37-cp37m-manylinux1_i686.whl", hash = "sha256:0857f0ae312d855239a55c81ef453ee8fd24136eaba8e87a2eceba644c0d4c06"},
    {file = "cffi-1.14.5-cp37-cp37m-manylinux1_x86_64.whl", hash = "sha256:cd2868886d547469123fadc46eac7ea5253ea7fcb139f12e1dfc2bbd406427d1"},
    {file = "cffi-1.14.5-cp37-cp37m-manylinux2014_aarch64.whl", hash = "sha256:35f27e6eb43380fa080dccf676dece30bef72e4a67617ffda586641cd4508d49"},
    {file = "cffi-1.14.5-cp37-cp37m-win32.whl", hash = "sha256:9ff227395193126d82e60319a673a037d5de84633f11279e336f9c0f189ecc62"},
    {file = "cffi-1.14.5-cp37-cp37m-win_amd64.whl", hash = "sha256:9cf8022fb8d07a97c178b02327b284521c7708d7c71a9c9c355c178ac4bbd3d4"},
    {file = "cffi-1.14.5-cp38-cp38-macosx_10_9_x86_64.whl", hash = "sha256:8b198cec6c72df5289c05b05b8b0969819783f9418e0409865dac47288d2a053"},
    {file = "cffi-1.14.5-cp38-cp38-manylinux1_i686.whl", hash = "sha256:ad17025d226ee5beec591b52800c11680fca3df50b8b29fe51d882576e039ee0"},
    {file = "cffi-1.14.5-cp38-cp38-manylinux1_x86_64.whl", hash = "sha256:6c97d7350133666fbb5cf4abdc1178c812cb205dc6f41d174a7b0f18fb93337e"},
    {file = "cffi-1.14.5-cp38-cp38-manylinux2014_aarch64.whl", hash = "sha256:8ae6299f6c68de06f136f1f9e69458eae58f1dacf10af5c17353eae03aa0d827"},
    {file = "cffi-1.14.5-cp38-cp38-win32.whl", hash = "sha256:b85eb46a81787c50650f2392b9b4ef23e1f126313b9e0e9013b35c15e4288e2e"},
    {file = "cffi-1.14.5-cp38-cp38-win_amd64.whl", hash = "sha256:1f436816fc868b098b0d63b8920de7d208c90a67212546d02f84fe78a9c26396"},
    {file = "cffi-1.14.5-cp39-cp39-macosx_10_9_x86_64.whl", hash = "sha256:1071534bbbf8cbb31b498d5d9db0f274f2f7a865adca4ae429e147ba40f73dea"},
    {file = "cffi-1.14.5-cp39-cp39-manylinux1_i686.whl", hash = "sha256:9de2e279153a443c656f2defd67769e6d1e4163952b3c622dcea5b08a6405322"},
    {file = "cffi-1.14.5-cp39-cp39-manylinux1_x86_64.whl", hash = "sha256:6e4714cc64f474e4d6e37cfff31a814b509a35cb17de4fb1999907575684479c"},
    {file = "cffi-1.14.5-cp39-cp39-manylinux2014_aarch64.whl", hash = "sha256:158d0d15119b4b7ff6b926536763dc0714313aa59e320ddf787502c70c4d4bee"},
    {file = "cffi-1.14.5-cp39-cp39-win32.whl", hash = "sha256:afb29c1ba2e5a3736f1c301d9d0abe3ec8b86957d04ddfa9d7a6a42b9367e396"},
    {file = "cffi-1.14.5-cp39-cp39-win_amd64.whl", hash = "sha256:f2d45f97ab6bb54753eab54fffe75aaf3de4ff2341c9daee1987ee1837636f1d"},
    {file = "cffi-1.14.5.tar.gz", hash = "sha256:fd78e5fee591709f32ef6edb9a015b4aa1a5022598e36227500c8f4e02328d9c"},
]
chardet = [
    {file = "chardet-4.0.0-py2.py3-none-any.whl", hash = "sha256:f864054d66fd9118f2e67044ac8981a54775ec5b67aed0441892edb553d21da5"},
    {file = "chardet-4.0.0.tar.gz", hash = "sha256:0d6f53a15db4120f2b08c94f11e7d93d2c911ee118b6b30a04ec3ee8310179fa"},
]
click = [
    {file = "click-7.1.2-py2.py3-none-any.whl", hash = "sha256:dacca89f4bfadd5de3d7489b7c8a566eee0d3676333fbb50030263894c38c0dc"},
    {file = "click-7.1.2.tar.gz", hash = "sha256:d2b5255c7c6349bc1bd1e59e08cd12acbbd63ce649f2588755783aa94dfb6b1a"},
]
colorama = [
    {file = "colorama-0.4.4-py2.py3-none-any.whl", hash = "sha256:9f47eda37229f68eee03b24b9748937c7dc3868f906e8ba69fbcbdd3bc5dc3e2"},
    {file = "colorama-0.4.4.tar.gz", hash = "sha256:5941b2b48a20143d2267e95b1c2a7603ce057ee39fd88e7329b0c292aa16869b"},
]
coverage = [
    {file = "coverage-5.4-cp27-cp27m-macosx_10_9_x86_64.whl", hash = "sha256:6d9c88b787638a451f41f97446a1c9fd416e669b4d9717ae4615bd29de1ac135"},
    {file = "coverage-5.4-cp27-cp27m-manylinux1_i686.whl", hash = "sha256:66a5aae8233d766a877c5ef293ec5ab9520929c2578fd2069308a98b7374ea8c"},
    {file = "coverage-5.4-cp27-cp27m-manylinux1_x86_64.whl", hash = "sha256:9754a5c265f991317de2bac0c70a746efc2b695cf4d49f5d2cddeac36544fb44"},
    {file = "coverage-5.4-cp27-cp27m-manylinux2010_i686.whl", hash = "sha256:fbb17c0d0822684b7d6c09915677a32319f16ff1115df5ec05bdcaaee40b35f3"},
    {file = "coverage-5.4-cp27-cp27m-manylinux2010_x86_64.whl", hash = "sha256:b7f7421841f8db443855d2854e25914a79a1ff48ae92f70d0a5c2f8907ab98c9"},
    {file = "coverage-5.4-cp27-cp27m-win32.whl", hash = "sha256:4a780807e80479f281d47ee4af2eb2df3e4ccf4723484f77da0bb49d027e40a1"},
    {file = "coverage-5.4-cp27-cp27m-win_amd64.whl", hash = "sha256:87c4b38288f71acd2106f5d94f575bc2136ea2887fdb5dfe18003c881fa6b370"},
    {file = "coverage-5.4-cp27-cp27mu-manylinux1_i686.whl", hash = "sha256:c6809ebcbf6c1049002b9ac09c127ae43929042ec1f1dbd8bb1615f7cd9f70a0"},
    {file = "coverage-5.4-cp27-cp27mu-manylinux1_x86_64.whl", hash = "sha256:ba7ca81b6d60a9f7a0b4b4e175dcc38e8fef4992673d9d6e6879fd6de00dd9b8"},
    {file = "coverage-5.4-cp27-cp27mu-manylinux2010_i686.whl", hash = "sha256:89fc12c6371bf963809abc46cced4a01ca4f99cba17be5e7d416ed7ef1245d19"},
    {file = "coverage-5.4-cp27-cp27mu-manylinux2010_x86_64.whl", hash = "sha256:4a8eb7785bd23565b542b01fb39115a975fefb4a82f23d407503eee2c0106247"},
    {file = "coverage-5.4-cp35-cp35m-macosx_10_9_x86_64.whl", hash = "sha256:7e40d3f8eb472c1509b12ac2a7e24158ec352fc8567b77ab02c0db053927e339"},
    {file = "coverage-5.4-cp35-cp35m-manylinux1_i686.whl", hash = "sha256:1ccae21a076d3d5f471700f6d30eb486da1626c380b23c70ae32ab823e453337"},
    {file = "coverage-5.4-cp35-cp35m-manylinux1_x86_64.whl", hash = "sha256:755c56beeacac6a24c8e1074f89f34f4373abce8b662470d3aa719ae304931f3"},
    {file = "coverage-5.4-cp35-cp35m-manylinux2010_i686.whl", hash = "sha256:322549b880b2d746a7672bf6ff9ed3f895e9c9f108b714e7360292aa5c5d7cf4"},
    {file = "coverage-5.4-cp35-cp35m-manylinux2010_x86_64.whl", hash = "sha256:60a3307a84ec60578accd35d7f0c71a3a971430ed7eca6567399d2b50ef37b8c"},
    {file = "coverage-5.4-cp35-cp35m-win32.whl", hash = "sha256:1375bb8b88cb050a2d4e0da901001347a44302aeadb8ceb4b6e5aa373b8ea68f"},
    {file = "coverage-5.4-cp35-cp35m-win_amd64.whl", hash = "sha256:16baa799ec09cc0dcb43a10680573269d407c159325972dd7114ee7649e56c66"},
    {file = "coverage-5.4-cp36-cp36m-macosx_10_9_x86_64.whl", hash = "sha256:2f2cf7a42d4b7654c9a67b9d091ec24374f7c58794858bff632a2039cb15984d"},
    {file = "coverage-5.4-cp36-cp36m-manylinux1_i686.whl", hash = "sha256:b62046592b44263fa7570f1117d372ae3f310222af1fc1407416f037fb3af21b"},
    {file = "coverage-5.4-cp36-cp36m-manylinux1_x86_64.whl", hash = "sha256:812eaf4939ef2284d29653bcfee9665f11f013724f07258928f849a2306ea9f9"},
    {file = "coverage-5.4-cp36-cp36m-manylinux2010_i686.whl", hash = "sha256:859f0add98707b182b4867359e12bde806b82483fb12a9ae868a77880fc3b7af"},
    {file = "coverage-5.4-cp36-cp36m-manylinux2010_x86_64.whl", hash = "sha256:04b14e45d6a8e159c9767ae57ecb34563ad93440fc1b26516a89ceb5b33c1ad5"},
    {file = "coverage-5.4-cp36-cp36m-win32.whl", hash = "sha256:ebfa374067af240d079ef97b8064478f3bf71038b78b017eb6ec93ede1b6bcec"},
    {file = "coverage-5.4-cp36-cp36m-win_amd64.whl", hash = "sha256:84df004223fd0550d0ea7a37882e5c889f3c6d45535c639ce9802293b39cd5c9"},
    {file = "coverage-5.4-cp37-cp37m-macosx_10_9_x86_64.whl", hash = "sha256:1b811662ecf72eb2d08872731636aee6559cae21862c36f74703be727b45df90"},
    {file = "coverage-5.4-cp37-cp37m-manylinux1_i686.whl", hash = "sha256:6b588b5cf51dc0fd1c9e19f622457cc74b7d26fe295432e434525f1c0fae02bc"},
    {file = "coverage-5.4-cp37-cp37m-manylinux1_x86_64.whl", hash = "sha256:3fe50f1cac369b02d34ad904dfe0771acc483f82a1b54c5e93632916ba847b37"},
    {file = "coverage-5.4-cp37-cp37m-manylinux2010_i686.whl", hash = "sha256:32ab83016c24c5cf3db2943286b85b0a172dae08c58d0f53875235219b676409"},
    {file = "coverage-5.4-cp37-cp37m-manylinux2010_x86_64.whl", hash = "sha256:68fb816a5dd901c6aff352ce49e2a0ffadacdf9b6fae282a69e7a16a02dad5fb"},
    {file = "coverage-5.4-cp37-cp37m-win32.whl", hash = "sha256:a636160680c6e526b84f85d304e2f0bb4e94f8284dd765a1911de9a40450b10a"},
    {file = "coverage-5.4-cp37-cp37m-win_amd64.whl", hash = "sha256:bb32ca14b4d04e172c541c69eec5f385f9a075b38fb22d765d8b0ce3af3a0c22"},
    {file = "coverage-5.4-cp38-cp38-macosx_10_9_x86_64.whl", hash = "sha256:6c4d7165a4e8f41eca6b990c12ee7f44fef3932fac48ca32cecb3a1b2223c21f"},
    {file = "coverage-5.4-cp38-cp38-manylinux1_i686.whl", hash = "sha256:a565f48c4aae72d1d3d3f8e8fb7218f5609c964e9c6f68604608e5958b9c60c3"},
    {file = "coverage-5.4-cp38-cp38-manylinux1_x86_64.whl", hash = "sha256:fff1f3a586246110f34dc762098b5afd2de88de507559e63553d7da643053786"},
    {file = "coverage-5.4-cp38-cp38-manylinux2010_i686.whl", hash = "sha256:a839e25f07e428a87d17d857d9935dd743130e77ff46524abb992b962eb2076c"},
    {file = "coverage-5.4-cp38-cp38-manylinux2010_x86_64.whl", hash = "sha256:6625e52b6f346a283c3d563d1fd8bae8956daafc64bb5bbd2b8f8a07608e3994"},
    {file = "coverage-5.4-cp38-cp38-win32.whl", hash = "sha256:5bee3970617b3d74759b2d2df2f6a327d372f9732f9ccbf03fa591b5f7581e39"},
    {file = "coverage-5.4-cp38-cp38-win_amd64.whl", hash = "sha256:03ed2a641e412e42cc35c244508cf186015c217f0e4d496bf6d7078ebe837ae7"},
    {file = "coverage-5.4-cp39-cp39-macosx_10_9_x86_64.whl", hash = "sha256:14a9f1887591684fb59fdba8feef7123a0da2424b0652e1b58dd5b9a7bb1188c"},
    {file = "coverage-5.4-cp39-cp39-manylinux1_i686.whl", hash = "sha256:9564ac7eb1652c3701ac691ca72934dd3009997c81266807aef924012df2f4b3"},
    {file = "coverage-5.4-cp39-cp39-manylinux1_x86_64.whl", hash = "sha256:0f48fc7dc82ee14aeaedb986e175a429d24129b7eada1b7e94a864e4f0644dde"},
    {file = "coverage-5.4-cp39-cp39-manylinux2010_i686.whl", hash = "sha256:107d327071061fd4f4a2587d14c389a27e4e5c93c7cba5f1f59987181903902f"},
    {file = "coverage-5.4-cp39-cp39-manylinux2010_x86_64.whl", hash = "sha256:0cdde51bfcf6b6bd862ee9be324521ec619b20590787d1655d005c3fb175005f"},
    {file = "coverage-5.4-cp39-cp39-win32.whl", hash = "sha256:c67734cff78383a1f23ceba3b3239c7deefc62ac2b05fa6a47bcd565771e5880"},
    {file = "coverage-5.4-cp39-cp39-win_amd64.whl", hash = "sha256:c669b440ce46ae3abe9b2d44a913b5fd86bb19eb14a8701e88e3918902ecd345"},
    {file = "coverage-5.4-pp36-none-any.whl", hash = "sha256:c0ff1c1b4d13e2240821ef23c1efb1f009207cb3f56e16986f713c2b0e7cd37f"},
    {file = "coverage-5.4-pp37-none-any.whl", hash = "sha256:cd601187476c6bed26a0398353212684c427e10a903aeafa6da40c63309d438b"},
    {file = "coverage-5.4.tar.gz", hash = "sha256:6d2e262e5e8da6fa56e774fb8e2643417351427604c2b177f8e8c5f75fc928ca"},
]
coverage-enable-subprocess = [
    {file = "coverage_enable_subprocess-1.0-py2.py3-none-any.whl", hash = "sha256:27982522339ec77662965e0d859da5662162962c874d54d2250426506818cbdc"},
    {file = "coverage_enable_subprocess-1.0.tar.gz", hash = "sha256:fdbd3dc9532007cd87ef84f38e16024c5b0ccb4ab2d1755225a7edf937acc011"},
]
cryptography = [
    {file = "cryptography-3.4.6-cp36-abi3-macosx_10_10_x86_64.whl", hash = "sha256:57ad77d32917bc55299b16d3b996ffa42a1c73c6cfa829b14043c561288d2799"},
    {file = "cryptography-3.4.6-cp36-abi3-macosx_11_0_arm64.whl", hash = "sha256:4169a27b818de4a1860720108b55a2801f32b6ae79e7f99c00d79f2a2822eeb7"},
    {file = "cryptography-3.4.6-cp36-abi3-manylinux2010_x86_64.whl", hash = "sha256:93cfe5b7ff006de13e1e89830810ecbd014791b042cbe5eec253be11ac2b28f3"},
    {file = "cryptography-3.4.6-cp36-abi3-manylinux2014_aarch64.whl", hash = "sha256:5ecf2bcb34d17415e89b546dbb44e73080f747e504273e4d4987630493cded1b"},
    {file = "cryptography-3.4.6-cp36-abi3-manylinux2014_x86_64.whl", hash = "sha256:fec7fb46b10da10d9e1d078d1ff8ed9e05ae14f431fdbd11145edd0550b9a964"},
    {file = "cryptography-3.4.6-cp36-abi3-win32.whl", hash = "sha256:df186fcbf86dc1ce56305becb8434e4b6b7504bc724b71ad7a3239e0c9d14ef2"},
    {file = "cryptography-3.4.6-cp36-abi3-win_amd64.whl", hash = "sha256:66b57a9ca4b3221d51b237094b0303843b914b7d5afd4349970bb26518e350b0"},
    {file = "cryptography-3.4.6-pp36-pypy36_pp73-manylinux2010_x86_64.whl", hash = "sha256:066bc53f052dfeda2f2d7c195cf16fb3e5ff13e1b6b7415b468514b40b381a5b"},
    {file = "cryptography-3.4.6-pp36-pypy36_pp73-manylinux2014_x86_64.whl", hash = "sha256:600cf9bfe75e96d965509a4c0b2b183f74a4fa6f5331dcb40fb7b77b7c2484df"},
    {file = "cryptography-3.4.6-pp37-pypy37_pp73-manylinux2010_x86_64.whl", hash = "sha256:0923ba600d00718d63a3976f23cab19aef10c1765038945628cd9be047ad0336"},
    {file = "cryptography-3.4.6-pp37-pypy37_pp73-manylinux2014_x86_64.whl", hash = "sha256:9e98b452132963678e3ac6c73f7010fe53adf72209a32854d55690acac3f6724"},
    {file = "cryptography-3.4.6.tar.gz", hash = "sha256:2d32223e5b0ee02943f32b19245b61a62db83a882f0e76cc564e1cec60d48f87"},
]
idna = [
    {file = "idna-2.10-py2.py3-none-any.whl", hash = "sha256:b97d804b1e9b523befed77c48dacec60e6dcb0b5391d57af6a65a312a90648c0"},
    {file = "idna-2.10.tar.gz", hash = "sha256:b307872f855b18632ce0c21c5e45be78c0ea7ae4c15c828c20788b26921eb3f6"},
]
importlib-metadata = [
    {file = "importlib_metadata-1.7.0-py2.py3-none-any.whl", hash = "sha256:dc15b2969b4ce36305c51eebe62d418ac7791e9a157911d58bfb1f9ccd8e2070"},
    {file = "importlib_metadata-1.7.0.tar.gz", hash = "sha256:90bb658cdbbf6d1735b6341ce708fc7024a3e14e99ffdc5783edea9f9b077f83"},
]
jeepney = [
    {file = "jeepney-0.6.0-py3-none-any.whl", hash = "sha256:aec56c0eb1691a841795111e184e13cad504f7703b9a64f63020816afa79a8ae"},
    {file = "jeepney-0.6.0.tar.gz", hash = "sha256:7d59b6622675ca9e993a6bd38de845051d315f8b0c72cca3aef733a20b648657"},
]
keyring = [
    {file = "keyring-22.0.1-py3-none-any.whl", hash = "sha256:9f44660a5d4931bdc14c08a1d01ef30b18a7a8147380710d8c9f9531e1f6c3c0"},
    {file = "keyring-22.0.1.tar.gz", hash = "sha256:9acb3e1452edbb7544822b12fd25459078769e560fa51f418b6d00afaa6178df"},
]
lxml = [
    {file = "lxml-4.6.2-cp27-cp27m-macosx_10_9_x86_64.whl", hash = "sha256:a9d6bc8642e2c67db33f1247a77c53476f3a166e09067c0474facb045756087f"},
    {file = "lxml-4.6.2-cp27-cp27m-manylinux1_i686.whl", hash = "sha256:791394449e98243839fa822a637177dd42a95f4883ad3dec2a0ce6ac99fb0a9d"},
    {file = "lxml-4.6.2-cp27-cp27m-manylinux1_x86_64.whl", hash = "sha256:68a5d77e440df94011214b7db907ec8f19e439507a70c958f750c18d88f995d2"},
    {file = "lxml-4.6.2-cp27-cp27m-win32.whl", hash = "sha256:fc37870d6716b137e80d19241d0e2cff7a7643b925dfa49b4c8ebd1295eb506e"},
    {file = "lxml-4.6.2-cp27-cp27m-win_amd64.whl", hash = "sha256:69a63f83e88138ab7642d8f61418cf3180a4d8cd13995df87725cb8b893e950e"},
    {file = "lxml-4.6.2-cp27-cp27mu-manylinux1_i686.whl", hash = "sha256:42ebca24ba2a21065fb546f3e6bd0c58c3fe9ac298f3a320147029a4850f51a2"},
    {file = "lxml-4.6.2-cp27-cp27mu-manylinux1_x86_64.whl", hash = "sha256:f83d281bb2a6217cd806f4cf0ddded436790e66f393e124dfe9731f6b3fb9afe"},
    {file = "lxml-4.6.2-cp35-cp35m-manylinux1_i686.whl", hash = "sha256:535f067002b0fd1a4e5296a8f1bf88193080ff992a195e66964ef2a6cfec5388"},
    {file = "lxml-4.6.2-cp35-cp35m-manylinux1_x86_64.whl", hash = "sha256:366cb750140f221523fa062d641393092813b81e15d0e25d9f7c6025f910ee80"},
    {file = "lxml-4.6.2-cp35-cp35m-manylinux2014_aarch64.whl", hash = "sha256:97db258793d193c7b62d4e2586c6ed98d51086e93f9a3af2b2034af01450a74b"},
    {file = "lxml-4.6.2-cp35-cp35m-win32.whl", hash = "sha256:648914abafe67f11be7d93c1a546068f8eff3c5fa938e1f94509e4a5d682b2d8"},
    {file = "lxml-4.6.2-cp35-cp35m-win_amd64.whl", hash = "sha256:4e751e77006da34643ab782e4a5cc21ea7b755551db202bc4d3a423b307db780"},
    {file = "lxml-4.6.2-cp36-cp36m-macosx_10_9_x86_64.whl", hash = "sha256:681d75e1a38a69f1e64ab82fe4b1ed3fd758717bed735fb9aeaa124143f051af"},
    {file = "lxml-4.6.2-cp36-cp36m-manylinux1_i686.whl", hash = "sha256:127f76864468d6630e1b453d3ffbbd04b024c674f55cf0a30dc2595137892d37"},
    {file = "lxml-4.6.2-cp36-cp36m-manylinux1_x86_64.whl", hash = "sha256:4fb85c447e288df535b17ebdebf0ec1cf3a3f1a8eba7e79169f4f37af43c6b98"},
    {file = "lxml-4.6.2-cp36-cp36m-manylinux2014_aarch64.whl", hash = "sha256:5be4a2e212bb6aa045e37f7d48e3e1e4b6fd259882ed5a00786f82e8c37ce77d"},
    {file = "lxml-4.6.2-cp36-cp36m-win32.whl", hash = "sha256:8c88b599e226994ad4db29d93bc149aa1aff3dc3a4355dd5757569ba78632bdf"},
    {file = "lxml-4.6.2-cp36-cp36m-win_amd64.whl", hash = "sha256:6e4183800f16f3679076dfa8abf2db3083919d7e30764a069fb66b2b9eff9939"},
    {file = "lxml-4.6.2-cp37-cp37m-macosx_10_9_x86_64.whl", hash = "sha256:d8d3d4713f0c28bdc6c806a278d998546e8efc3498949e3ace6e117462ac0a5e"},
    {file = "lxml-4.6.2-cp37-cp37m-manylinux1_i686.whl", hash = "sha256:8246f30ca34dc712ab07e51dc34fea883c00b7ccb0e614651e49da2c49a30711"},
    {file = "lxml-4.6.2-cp37-cp37m-manylinux1_x86_64.whl", hash = "sha256:923963e989ffbceaa210ac37afc9b906acebe945d2723e9679b643513837b089"},
    {file = "lxml-4.6.2-cp37-cp37m-manylinux2014_aarch64.whl", hash = "sha256:1471cee35eba321827d7d53d104e7b8c593ea3ad376aa2df89533ce8e1b24a01"},
    {file = "lxml-4.6.2-cp37-cp37m-win32.whl", hash = "sha256:2363c35637d2d9d6f26f60a208819e7eafc4305ce39dc1d5005eccc4593331c2"},
    {file = "lxml-4.6.2-cp37-cp37m-win_amd64.whl", hash = "sha256:f4822c0660c3754f1a41a655e37cb4dbbc9be3d35b125a37fab6f82d47674ebc"},
    {file = "lxml-4.6.2-cp38-cp38-macosx_10_9_x86_64.whl", hash = "sha256:0448576c148c129594d890265b1a83b9cd76fd1f0a6a04620753d9a6bcfd0a4d"},
    {file = "lxml-4.6.2-cp38-cp38-manylinux1_i686.whl", hash = "sha256:60a20bfc3bd234d54d49c388950195d23a5583d4108e1a1d47c9eef8d8c042b3"},
    {file = "lxml-4.6.2-cp38-cp38-manylinux1_x86_64.whl", hash = "sha256:2e5cc908fe43fe1aa299e58046ad66981131a66aea3129aac7770c37f590a644"},
    {file = "lxml-4.6.2-cp38-cp38-manylinux2014_aarch64.whl", hash = "sha256:50c348995b47b5a4e330362cf39fc503b4a43b14a91c34c83b955e1805c8e308"},
    {file = "lxml-4.6.2-cp38-cp38-win32.whl", hash = "sha256:94d55bd03d8671686e3f012577d9caa5421a07286dd351dfef64791cf7c6c505"},
    {file = "lxml-4.6.2-cp38-cp38-win_amd64.whl", hash = "sha256:7a7669ff50f41225ca5d6ee0a1ec8413f3a0d8aa2b109f86d540887b7ec0d72a"},
    {file = "lxml-4.6.2-cp39-cp39-macosx_10_9_x86_64.whl", hash = "sha256:e0bfe9bb028974a481410432dbe1b182e8191d5d40382e5b8ff39cdd2e5c5931"},
    {file = "lxml-4.6.2-cp39-cp39-manylinux1_i686.whl", hash = "sha256:6fd8d5903c2e53f49e99359b063df27fdf7acb89a52b6a12494208bf61345a03"},
    {file = "lxml-4.6.2-cp39-cp39-manylinux1_x86_64.whl", hash = "sha256:7e9eac1e526386df7c70ef253b792a0a12dd86d833b1d329e038c7a235dfceb5"},
    {file = "lxml-4.6.2-cp39-cp39-manylinux2014_aarch64.whl", hash = "sha256:7ee8af0b9f7de635c61cdd5b8534b76c52cd03536f29f51151b377f76e214a1a"},
    {file = "lxml-4.6.2-cp39-cp39-win32.whl", hash = "sha256:2e6fd1b8acd005bd71e6c94f30c055594bbd0aa02ef51a22bbfa961ab63b2d75"},
    {file = "lxml-4.6.2-cp39-cp39-win_amd64.whl", hash = "sha256:535332fe9d00c3cd455bd3dd7d4bacab86e2d564bdf7606079160fa6251caacf"},
    {file = "lxml-4.6.2.tar.gz", hash = "sha256:cd11c7e8d21af997ee8079037fff88f16fda188a9776eb4b81c7e4c9c0a7d7fc"},
]
more-itertools = [
    {file = "more-itertools-8.7.0.tar.gz", hash = "sha256:c5d6da9ca3ff65220c3bfd2a8db06d698f05d4d2b9be57e1deb2be5a45019713"},
    {file = "more_itertools-8.7.0-py3-none-any.whl", hash = "sha256:5652a9ac72209ed7df8d9c15daf4e1aa0e3d2ccd3c87f8265a0673cd9cbc9ced"},
]
pluggy = [
    {file = "pluggy-0.13.1-py2.py3-none-any.whl", hash = "sha256:966c145cd83c96502c3c3868f50408687b38434af77734af1e9ca461a4081d2d"},
    {file = "pluggy-0.13.1.tar.gz", hash = "sha256:15b2acde666561e1298d71b523007ed7364de07029219b604cf808bfa1c765b0"},
]
prompt-toolkit = [
    {file = "prompt_toolkit-3.0.3-py3-none-any.whl", hash = "sha256:c93e53af97f630f12f5f62a3274e79527936ed466f038953dfa379d4941f651a"},
    {file = "prompt_toolkit-3.0.3.tar.gz", hash = "sha256:a402e9bf468b63314e37460b68ba68243d55b2f8c4d0192f85a019af3945050e"},
]
py = [
    {file = "py-1.10.0-py2.py3-none-any.whl", hash = "sha256:3b80836aa6d1feeaa108e046da6423ab8f6ceda6468545ae8d02d9d58d18818a"},
    {file = "py-1.10.0.tar.gz", hash = "sha256:21b81bda15b66ef5e1a777a21c4dcd9c20ad3efd0b3f817e7a809035269e1bd3"},
]
pycparser = [
    {file = "pycparser-2.20-py2.py3-none-any.whl", hash = "sha256:7582ad22678f0fcd81102833f60ef8d0e57288b6b5fb00323d101be910e35705"},
    {file = "pycparser-2.20.tar.gz", hash = "sha256:2d475327684562c3a96cc71adf7dc8c4f0565175cf86b6d7a404ff4c771f15f0"},
]
pyqt5 = [
    {file = "PyQt5-5.15.2-5.15.2-cp35.cp36.cp37.cp38.cp39-abi3-macosx_10_13_intel.whl", hash = "sha256:894ca4ae767a8d6cf5903784b71f755073c78cb8c167eecf6e4ed6b3b055ac6a"},
    {file = "PyQt5-5.15.2-5.15.2-cp35.cp36.cp37.cp38.cp39-abi3-manylinux2014_x86_64.whl", hash = "sha256:29889845688a54d62820585ad5b2e0200a36b304ff3d7a555e95599f110ba4ce"},
    {file = "PyQt5-5.15.2-5.15.2-cp35.cp36.cp37.cp38.cp39-none-win32.whl", hash = "sha256:ea24f24b7679bf393dd2e4f53fe0ce65021be18304c1ff7a226c2fc5c356d0da"},
    {file = "PyQt5-5.15.2-5.15.2-cp35.cp36.cp37.cp38.cp39-none-win_amd64.whl", hash = "sha256:faaecb76ec65e12673a968e7f5bc02495957e6996f0a3fa0d98895f9e4113746"},
    {file = "PyQt5-5.15.2.tar.gz", hash = "sha256:372b08dc9321d1201e4690182697c5e7ffb2e0770e6b4a45519025134b12e4fc"},
]
pyqt5-sip = [
    {file = "PyQt5_sip-12.8.1-cp35-cp35m-macosx_10_6_intel.whl", hash = "sha256:bb5a87b66fc1445915104ee97f7a20a69decb42f52803e3b0795fa17ff88226c"},
    {file = "PyQt5_sip-12.8.1-cp35-cp35m-manylinux1_x86_64.whl", hash = "sha256:a29e2ac399429d3b7738f73e9081e50783e61ac5d29344e0802d0dcd6056c5a2"},
    {file = "PyQt5_sip-12.8.1-cp35-cp35m-win32.whl", hash = "sha256:0304ca9114b9817a270f67f421355075b78ff9fc25ac58ffd72c2601109d2194"},
    {file = "PyQt5_sip-12.8.1-cp35-cp35m-win_amd64.whl", hash = "sha256:84ba7746762bd223bed22428e8561aa267a229c28344c2d28c5d5d3f8970cffb"},
    {file = "PyQt5_sip-12.8.1-cp36-cp36m-macosx_10_6_intel.whl", hash = "sha256:7b81382ce188d63890a0e35abe0f9bb946cabc873a31873b73583b0fc84ac115"},
    {file = "PyQt5_sip-12.8.1-cp36-cp36m-manylinux1_x86_64.whl", hash = "sha256:b6d42250baec52a5f77de64e2951d001c5501c3a2df2179f625b241cbaec3369"},
    {file = "PyQt5_sip-12.8.1-cp36-cp36m-win32.whl", hash = "sha256:6c1ebee60f1d2b3c70aff866b7933d8d8d7646011f7c32f9321ee88c290aa4f9"},
    {file = "PyQt5_sip-12.8.1-cp36-cp36m-win_amd64.whl", hash = "sha256:34dcd29be47553d5f016ff86e89e24cbc5eebae92eb2f96fb32d2d7ba028c43c"},
    {file = "PyQt5_sip-12.8.1-cp37-cp37m-macosx_10_9_x86_64.whl", hash = "sha256:ed897c58acf4a3cdca61469daa31fe6e44c33c6c06a37c3f21fab31780b3b86a"},
    {file = "PyQt5_sip-12.8.1-cp37-cp37m-manylinux1_x86_64.whl", hash = "sha256:a1b8ef013086e224b8e86c93f880f776d01b59195bdfa2a8e0b23f0480678fec"},
    {file = "PyQt5_sip-12.8.1-cp37-cp37m-win32.whl", hash = "sha256:0cd969be528c27bbd4755bd323dff4a79a8fdda28215364e6ce3e069cb56c2a9"},
    {file = "PyQt5_sip-12.8.1-cp37-cp37m-win_amd64.whl", hash = "sha256:c9800729badcb247765e4ffe2241549d02da1fa435b9db224845bc37c3e99cb0"},
    {file = "PyQt5_sip-12.8.1-cp38-cp38-macosx_10_9_x86_64.whl", hash = "sha256:9312ec47cac4e33c11503bc1cbeeb0bdae619620472f38e2078c5a51020a930f"},
    {file = "PyQt5_sip-12.8.1-cp38-cp38-manylinux1_x86_64.whl", hash = "sha256:2f35e82fd7ec1e1f6716e9154721c7594956a4f5bd4f826d8c6a6453833cc2f0"},
    {file = "PyQt5_sip-12.8.1-cp38-cp38-win32.whl", hash = "sha256:da9c9f1e65b9d09e73bd75befc82961b6b61b5a3b9d0a7c832168e1415f163c6"},
    {file = "PyQt5_sip-12.8.1-cp38-cp38-win_amd64.whl", hash = "sha256:832fd60a264de4134c2824d393320838f3ab648180c9c357ec58a74524d24507"},
    {file = "PyQt5_sip-12.8.1-cp39-cp39-macosx_10_9_x86_64.whl", hash = "sha256:c317ab1263e6417c498b81f5c970a9b1af7acefab1f80b4cc0f2f8e661f29fc5"},
    {file = "PyQt5_sip-12.8.1-cp39-cp39-manylinux1_x86_64.whl", hash = "sha256:c9d6d448c29dc6606bb7974696608f81f4316c8234f7c7216396ed110075e777"},
    {file = "PyQt5_sip-12.8.1-cp39-cp39-win32.whl", hash = "sha256:5a011aeff89660622a6d5c3388d55a9d76932f3b82c95e82fc31abd8b1d2990d"},
    {file = "PyQt5_sip-12.8.1-cp39-cp39-win_amd64.whl", hash = "sha256:f168f0a7f32b81bfeffdf003c36f25d81c97dee5eb67072a5183e761fe250f13"},
    {file = "PyQt5_sip-12.8.1.tar.gz", hash = "sha256:30e944db9abee9cc757aea16906d4198129558533eb7fadbe48c5da2bd18e0bd"},
]
pyqtwebengine = [
    {file = "PyQtWebEngine-5.15.2-5.15.2-cp35.cp36.cp37.cp38.cp39-abi3-macosx_10_13_intel.whl", hash = "sha256:e9f4a09cce6d8ab8b6c7e7a11e21f606ae713ff275c749839aa4d871a799fccc"},
    {file = "PyQtWebEngine-5.15.2-5.15.2-cp35.cp36.cp37.cp38.cp39-abi3-manylinux2014_x86_64.whl", hash = "sha256:db99bdf6c01c84bcc7369b0c49702e40451bc48372d4281777e17dbb84874c1a"},
    {file = "PyQtWebEngine-5.15.2-5.15.2-cp35.cp36.cp37.cp38.cp39-none-win32.whl", hash = "sha256:fe5a02d4cf2327b6a930f8146589842b7664ac703cfddf1f83172423a32e3164"},
    {file = "PyQtWebEngine-5.15.2-5.15.2-cp35.cp36.cp37.cp38.cp39-none-win_amd64.whl", hash = "sha256:8ba247d0873bbeaee70f273cafbfa985a93947b2b8df23059607ec3595fee128"},
    {file = "PyQtWebEngine-5.15.2.tar.gz", hash = "sha256:4d72fea774071ce6f76e341a3d2c5d595886c9906a9b9493239c841cce54a634"},
]
pysocks = [
    {file = "PySocks-1.7.1-py27-none-any.whl", hash = "sha256:08e69f092cc6dbe92a0fdd16eeb9b9ffbc13cadfe5ca4c7bd92ffb078b293299"},
    {file = "PySocks-1.7.1-py3-none-any.whl", hash = "sha256:2725bd0a9925919b9b51739eea5f9e2bae91e83288108a9ad338b2e3a4435ee5"},
    {file = "PySocks-1.7.1.tar.gz", hash = "sha256:3f8804571ebe159c380ac6de37643bb4685970655d3bba243530d6558b799aa0"},
]
pytest = [
    {file = "pytest-3.10.1-py2.py3-none-any.whl", hash = "sha256:3f193df1cfe1d1609d4c583838bea3d532b18d6160fd3f55c9447fdca30848ec"},
    {file = "pytest-3.10.1.tar.gz", hash = "sha256:e246cf173c01169b9617fc07264b7b1316e78d7a650055235d6d897bc80d9660"},
]
pytest-asyncio = [
    {file = "pytest-asyncio-0.10.0.tar.gz", hash = "sha256:9fac5100fd716cbecf6ef89233e8590a4ad61d729d1732e0a96b84182df1daaf"},
    {file = "pytest_asyncio-0.10.0-py3-none-any.whl", hash = "sha256:d734718e25cfc32d2bf78d346e99d33724deeba774cc4afdf491530c6184b63b"},
]
pytest-cov = [
    {file = "pytest-cov-2.9.0.tar.gz", hash = "sha256:b6a814b8ed6247bd81ff47f038511b57fe1ce7f4cc25b9106f1a4b106f1d9322"},
    {file = "pytest_cov-2.9.0-py2.py3-none-any.whl", hash = "sha256:c87dfd8465d865655a8213859f1b4749b43448b5fae465cb981e16d52a811424"},
]
pytest-httpserver = [
    {file = "pytest_httpserver-0.3.8-py3-none-any.whl", hash = "sha256:8588edd98a7cec8b5fb481ad1180df0e928648816213c242974a318842d0befe"},
    {file = "pytest_httpserver-0.3.8.tar.gz", hash = "sha256:d896a6556e426240837891b0552040ed4148e393ddf63f675b60d47bcd2d3f39"},
]
pywin32-ctypes = [
    {file = "pywin32-ctypes-0.2.0.tar.gz", hash = "sha256:24ffc3b341d457d48e8922352130cf2644024a4ff09762a2261fd34c36ee5942"},
    {file = "pywin32_ctypes-0.2.0-py2.py3-none-any.whl", hash = "sha256:9dc2d991b3479cc2df15930958b674a48a227d5361d413827a4cfd0b5876fc98"},
]
pyxdg = [
    {file = "pyxdg-0.26-py2.py3-none-any.whl", hash = "sha256:1948ff8e2db02156c0cccd2529b43c0cff56ebaa71f5f021bbd755bc1419190e"},
    {file = "pyxdg-0.26.tar.gz", hash = "sha256:fe2928d3f532ed32b39c32a482b54136fe766d19936afc96c8f00645f9da1a06"},
]
requests = [
    {file = "requests-2.25.1-py2.py3-none-any.whl", hash = "sha256:c210084e36a42ae6b9219e00e48287def368a26d03a048ddad7bfee44f75871e"},
    {file = "requests-2.25.1.tar.gz", hash = "sha256:27973dd4a904a4f13b263a19c866c13b92a39ed1c964655f025f3f8d3d75b804"},
]
secretstorage = [
    {file = "SecretStorage-3.3.1-py3-none-any.whl", hash = "sha256:422d82c36172d88d6a0ed5afdec956514b189ddbfb72fefab0c8a1cee4eaf71f"},
    {file = "SecretStorage-3.3.1.tar.gz", hash = "sha256:fd666c51a6bf200643495a04abb261f83229dcb6fd8472ec393df7ffc8b6f195"},
]
setuptools-scm = [
    {file = "setuptools_scm-3.5.0-py2.7.egg", hash = "sha256:fa6511072840d7eaad3ea36cc8849f437fefd85b32499a7f6026cba16ebbf63a"},
    {file = "setuptools_scm-3.5.0-py2.py3-none-any.whl", hash = "sha256:0d23db3d43e0a43eb7196bcf0eb8a4a2eb0561f621ed7ec44b2fdccfd907e38f"},
    {file = "setuptools_scm-3.5.0-py3.5.egg", hash = "sha256:783c143363091d3cc0d94766a9a14cdfc7ba8d29741004b6fa806ada7a8bf211"},
    {file = "setuptools_scm-3.5.0-py3.6.egg", hash = "sha256:0a376ca6f48dfe35d2c2bba246751830247b145aec7b7fb81a52091d04226ce2"},
    {file = "setuptools_scm-3.5.0-py3.7.egg", hash = "sha256:8a8b4109ee1a114f9ee8f7a83836284cb6429d481bd93daf64908a3d64c7c56e"},
    {file = "setuptools_scm-3.5.0-py3.8.egg", hash = "sha256:e39c234058c25b529739c516651cde028960812ea4a35ee31ab623e9a62b10c8"},
    {file = "setuptools_scm-3.5.0.tar.gz", hash = "sha256:5bdf21a05792903cafe7ae0c9501182ab52497614fa6b1750d9dbae7b60c1a87"},
]
six = [
    {file = "six-1.15.0-py2.py3-none-any.whl", hash = "sha256:8b74bedcbbbaca38ff6d7491d76f2b06b3592611af620f8426e82dddb04a5ced"},
    {file = "six-1.15.0.tar.gz", hash = "sha256:30639c035cdb23534cd4aa2dd52c3bf48f06e5f4a941509c8bafd8ce11080259"},
]
structlog = [
    {file = "structlog-21.1.0-py2.py3-none-any.whl", hash = "sha256:62f06fc0ee32fb8580f0715eea66cb87271eb7efb0eaf9af6b639cba8981de47"},
    {file = "structlog-21.1.0.tar.gz", hash = "sha256:d9d2d890532e8db83c6977a2a676fb1889922ff0c26ad4dc0ecac26f9fafbc57"},
]
toml = [
    {file = "toml-0.10.2-py2.py3-none-any.whl", hash = "sha256:806143ae5bfb6a3c6e736a764057db0e6a0e05e338b5630894a5f779cabb4f9b"},
    {file = "toml-0.10.2.tar.gz", hash = "sha256:b3bda1d108d5dd99f4a20d24d9c348e91c4db7ab1b749200bded2f839ccbe68f"},
]
typing-extensions = [
    {file = "typing_extensions-3.7.4.3-py2-none-any.whl", hash = "sha256:dafc7639cde7f1b6e1acc0f457842a83e722ccca8eef5270af2d74792619a89f"},
    {file = "typing_extensions-3.7.4.3-py3-none-any.whl", hash = "sha256:7cb407020f00f7bfc3cb3e7881628838e69d8f3fcab2f64742a5e76b2f841918"},
    {file = "typing_extensions-3.7.4.3.tar.gz", hash = "sha256:99d4073b617d30288f569d3f13d2bd7548c3a7e4c8de87db09a9d29bb3a4a60c"},
]
urllib3 = [
    {file = "urllib3-1.26.3-py2.py3-none-any.whl", hash = "sha256:1b465e494e3e0d8939b50680403e3aedaa2bc434b7d5af64dfd3c958d7f5ae80"},
    {file = "urllib3-1.26.3.tar.gz", hash = "sha256:de3eedaad74a2683334e282005cd8d7f22f4d55fa690a2a1020a416cb0a47e73"},
]
wcwidth = [
    {file = "wcwidth-0.2.5-py2.py3-none-any.whl", hash = "sha256:beb4802a9cebb9144e99086eff703a642a13d6a0052920003a230f3294bbe784"},
    {file = "wcwidth-0.2.5.tar.gz", hash = "sha256:c4d647b99872929fdb7bdcaa4fbe7f01413ed3d98077df798530e5b04f116c83"},
]
werkzeug = [
    {file = "Werkzeug-1.0.1-py2.py3-none-any.whl", hash = "sha256:2de2a5db0baeae7b2d2664949077c2ac63fbd16d98da0ff71837f7d1dea3fd43"},
    {file = "Werkzeug-1.0.1.tar.gz", hash = "sha256:6c80b1e5ad3665290ea39320b91e1be1e0d5f60652b964a3070216de83d2e47c"},
]
zipp = [
    {file = "zipp-3.4.0-py3-none-any.whl", hash = "sha256:102c24ef8f171fd729d46599845e95c7ab894a4cf45f5de11a44cc7444fb1108"},
    {file = "zipp-3.4.0.tar.gz", hash = "sha256:ed5eee1974372595f9e416cc7bbeeb12335201d8081ca8a0743c954d4446e5cb"},
]
